
Microsoft Visual Studio Solution File, Format Version 12.00
# Visual Studio Version 17
VisualStudioVersion = 17.5.33627.172
MinimumVisualStudioVersion = 10.0.40219.1
Project("{9A19103F-16F7-4668-BE54-9A1E7A4F7556}") = "IEC60870-5-104-simulator.API", "IEC60870-5-104-simulator.API\IEC60870-5-104-simulator.API.csproj", "{43A62A4A-A8FB-43B4-A599-FDF4C4A9384B}"
EndProject
Project("{9A19103F-16F7-4668-BE54-9A1E7A4F7556}") = "IEC60870-5-104-simulator.Infrastructure", "IEC60870-5-104-simulator.Infrastructure\IEC60870-5-104-simulator.Infrastructure.csproj", "{40503255-6AA1-4342-82C3-DC10F4FD8822}"
EndProject
Project("{2150E333-8FDC-42A3-9474-1A3956D46DE8}") = "Tests", "Tests", "{4A085BA3-8F44-4C19-AA67-219C3D59A39D}"
EndProject
Project("{FAE04EC0-301F-11D3-BF4B-00C04F79EFBC}") = "IEC60870-5-104-simulator.Infrastructure.Tests", "Tests\IEC60870-5-104-simulator.Infrastructure.Tests\IEC60870-5-104-simulator.Infrastructure.Tests.csproj", "{82AD27A5-DC95-4FD3-A4EE-94B66107B4CB}"
EndProject
Global
	GlobalSection(SolutionConfigurationPlatforms) = preSolution
		Debug|Any CPU = Debug|Any CPU
		Release|Any CPU = Release|Any CPU
	EndGlobalSection
	GlobalSection(ProjectConfigurationPlatforms) = postSolution
		{43A62A4A-A8FB-43B4-A599-FDF4C4A9384B}.Debug|Any CPU.ActiveCfg = Debug|Any CPU
		{43A62A4A-A8FB-43B4-A599-FDF4C4A9384B}.Debug|Any CPU.Build.0 = Debug|Any CPU
		{43A62A4A-A8FB-43B4-A599-FDF4C4A9384B}.Release|Any CPU.ActiveCfg = Release|Any CPU
		{43A62A4A-A8FB-43B4-A599-FDF4C4A9384B}.Release|Any CPU.Build.0 = Release|Any CPU
		{40503255-6AA1-4342-82C3-DC10F4FD8822}.Debug|Any CPU.ActiveCfg = Debug|Any CPU
		{40503255-6AA1-4342-82C3-DC10F4FD8822}.Debug|Any CPU.Build.0 = Debug|Any CPU
		{40503255-6AA1-4342-82C3-DC10F4FD8822}.Release|Any CPU.ActiveCfg = Release|Any CPU
		{40503255-6AA1-4342-82C3-DC10F4FD8822}.Release|Any CPU.Build.0 = Release|Any CPU
		{82AD27A5-DC95-4FD3-A4EE-94B66107B4CB}.Debug|Any CPU.ActiveCfg = Debug|Any CPU
		{82AD27A5-DC95-4FD3-A4EE-94B66107B4CB}.Debug|Any CPU.Build.0 = Debug|Any CPU
		{82AD27A5-DC95-4FD3-A4EE-94B66107B4CB}.Release|Any CPU.ActiveCfg = Release|Any CPU
		{82AD27A5-DC95-4FD3-A4EE-94B66107B4CB}.Release|Any CPU.Build.0 = Release|Any CPU
	EndGlobalSection
	GlobalSection(SolutionProperties) = preSolution
		HideSolutionNode = FALSE
	EndGlobalSection
	GlobalSection(NestedProjects) = preSolution
		{82AD27A5-DC95-4FD3-A4EE-94B66107B4CB} = {4A085BA3-8F44-4C19-AA67-219C3D59A39D}
	EndGlobalSection
	GlobalSection(ExtensibilityGlobals) = postSolution
		SolutionGuid = {7B88DDD7-896C-49D9-8B0D-93B0CCC76AE7}
	EndGlobalSection
EndGlobal
